<?xml version="1.0" encoding="utf-8"?>
<Project ToolsVersion="4.0" xmlns="http://schemas.microsoft.com/developer/msbuild/2003">
  <ItemGroup>
    <Filter Include="Source Files">
      <UniqueIdentifier>{4FC737F1-C7A5-4376-A066-2A32D752A2FF}</UniqueIdentifier>
      <Extensions>cpp;c;cc;cxx;def;odl;idl;hpj;bat;asm;asmx</Extensions>
    </Filter>
    <Filter Include="Header Files">
      <UniqueIdentifier>{93995380-89BD-4b04-88EB-625FBE52EBFB}</UniqueIdentifier>
      <Extensions>h;hpp;hxx;hm;inl;inc;xsd</Extensions>
    </Filter>
    <Filter Include="Resource Files">
      <UniqueIdentifier>{67DA6AB6-F800-4c08-8B7A-83BB121AAD01}</UniqueIdentifier>
      <Extensions>rc;ico;cur;bmp;dlg;rc2;rct;bin;rgs;gif;jpg;jpeg;jpe;resx;tiff;tif;png;wav;mfcribbon-ms</Extensions>
    </Filter>
  </ItemGroup>
  <ItemGroup>
    <ClInclude Include="evaluation\common.hpp">
      <Filter>Header Files</Filter>
    </ClInclude>
    <ClInclude Include="evaluation\EllipseR.hpp">
      <Filter>Header Files</Filter>
    </ClInclude>
    <ClInclude Include="evaluation\EllipsesSingleImage.hpp">
      <Filter>Header Files</Filter>
    </ClInclude>
    <ClInclude Include="evaluation\Hungarian.hpp">
      <Filter>Header Files</Filter>
    </ClInclude>
    <ClInclude Include="evaluation\Matching.hpp">
      <Filter>Header Files</Filter>
    </ClInclude>
    <ClInclude Include="evaluation\MatchPair.hpp">
      <Filter>Header Files</Filter>
    </ClInclude>
    <ClInclude Include="evaluation\OpenCVUtils.hpp">
      <Filter>Header Files</Filter>
    </ClInclude>
    <ClInclude Include="evaluation\RectangleR.hpp">
      <Filter>Header Files</Filter>
    </ClInclude>
    <ClInclude Include="evaluation\RectanglesSingleImage.hpp">
      <Filter>Header Files</Filter>
    </ClInclude>
    <ClInclude Include="evaluation\Region.hpp">
      <Filter>Header Files</Filter>
    </ClInclude>
    <ClInclude Include="evaluation\RegionsSingleImage.hpp">
      <Filter>Header Files</Filter>
    </ClInclude>
    <ClInclude Include="evaluation\Results.hpp">
      <Filter>Header Files</Filter>
    </ClInclude>
  </ItemGroup>
  <ItemGroup>
    <ClCompile Include="evaluation\EllipseR.cpp">
      <Filter>Source Files</Filter>
    </ClCompile>
    <ClCompile Include="evaluation\EllipsesSingleImage.cpp">
      <Filter>Source Files</Filter>
    </ClCompile>
    <ClCompile Include="evaluation\evaluate.cpp">
      <Filter>Source Files</Filter>
    </ClCompile>
    <ClCompile Include="evaluation\Hungarian.cpp">
      <Filter>Source Files</Filter>
    </ClCompile>
    <ClCompile Include="evaluation\Matching.cpp">
      <Filter>Source Files</Filter>
    </ClCompile>
    <ClCompile Include="evaluation\MatchPair.cpp">
      <Filter>Source Files</Filter>
    </ClCompile>
    <ClCompile Include="evaluation\OpenCVUtils.cpp">
      <Filter>Source Files</Filter>
    </ClCompile>
    <ClCompile Include="evaluation\RectangleR.cpp">
      <Filter>Source Files</Filter>
    </ClCompile>
    <ClCompile Include="evaluation\RectanglesSingleImage.cpp">
      <Filter>Source Files</Filter>
    </ClCompile>
    <ClCompile Include="evaluation\Region.cpp">
      <Filter>Source Files</Filter>
    </ClCompile>
    <ClCompile Include="evaluation\RegionsSingleImage.cpp">
      <Filter>Source Files</Filter>
    </ClCompile>
    <ClCompile Include="evaluation\Results.cpp">
      <Filter>Source Files</Filter>
    </ClCompile>
  </ItemGroup>
  <ItemGroup>
    <None Include="evaluation\Makefile" />
    <None Include="evaluation\README.txt" />
    <None Include="evaluation\runEvaluate.pl" />
  </ItemGroup>
</Project>